
Microsoft Visual Studio Solution File, Format Version 12.00
# Visual Studio Version 16
VisualStudioVersion = 16.0.31911.196
MinimumVisualStudioVersion = 10.0.40219.1
Project("{FAE04EC0-301F-11D3-BF4B-00C04F79EFBC}") = "OBeautifulCode.Uri.Recipes", "OBeautifulCode.Uri.Recipes\OBeautifulCode.Uri.Recipes.csproj", "{AE0BAF30-E160-4D2B-9608-15CAE411AC2D}"
EndProject
Project("{FAE04EC0-301F-11D3-BF4B-00C04F79EFBC}") = "OBeautifulCode.Uri.Recipes.Test", "OBeautifulCode.Uri.Recipes.Test\OBeautifulCode.Uri.Recipes.Test.csproj", "{4604F239-3A41-4139-992E-11FF40EBE536}"
EndProject
Project("{2150E333-8FDC-42A3-9474-1A3956D46DE8}") = "Solution Items", "Solution Items", "{1161C40C-67F0-4175-A1BB-ACB00287D270}"
	ProjectSection(SolutionItems) = preProject
		.gitignore = .gitignore
		LICENSE = LICENSE
		OBeautifulCode.Uri.sln.DotSettings = OBeautifulCode.Uri.sln.DotSettings
		README.md = README.md
		RepoConfig.state = RepoConfig.state
	EndProjectSection
EndProject
Global
	GlobalSection(SolutionConfigurationPlatforms) = preSolution
		Debug|Any CPU = Debug|Any CPU
		Release|Any CPU = Release|Any CPU
	EndGlobalSection
	GlobalSection(ProjectConfigurationPlatforms) = postSolution
		{AE0BAF30-E160-4D2B-9608-15CAE411AC2D}.Debug|Any CPU.ActiveCfg = Debug|Any CPU
		{AE0BAF30-E160-4D2B-9608-15CAE411AC2D}.Debug|Any CPU.Build.0 = Debug|Any CPU
		{AE0BAF30-E160-4D2B-9608-15CAE411AC2D}.Release|Any CPU.ActiveCfg = Release|Any CPU
		{AE0BAF30-E160-4D2B-9608-15CAE411AC2D}.Release|Any CPU.Build.0 = Release|Any CPU
		{4604F239-3A41-4139-992E-11FF40EBE536}.Debug|Any CPU.ActiveCfg = Debug|Any CPU
		{4604F239-3A41-4139-992E-11FF40EBE536}.Debug|Any CPU.Build.0 = Debug|Any CPU
		{4604F239-3A41-4139-992E-11FF40EBE536}.Release|Any CPU.ActiveCfg = Release|Any CPU
		{4604F239-3A41-4139-992E-11FF40EBE536}.Release|Any CPU.Build.0 = Release|Any CPU
	EndGlobalSection
	GlobalSection(SolutionProperties) = preSolution
		HideSolutionNode = FALSE
	EndGlobalSection
	GlobalSection(ExtensibilityGlobals) = postSolution
		SolutionGuid = {476E397B-03AF-479B-9D8E-825BA809E0D3}
	EndGlobalSection
EndGlobal
